// !$*UTF8*$!
{
	archiveVersion = 1;
	classes = {
	};
	objectVersion = 56;
	objects = {

/* Begin PBXBuildFile section */
		653EE1C02A12E4980023D843 /* GeoMobileTaskApp.swift in Sources */ = {isa = PBXBuildFile; fileRef = 653EE1BF2A12E4980023D843 /* GeoMobileTaskApp.swift */; };
		653EE1C22A12E4980023D843 /* ContentView.swift in Sources */ = {isa = PBXBuildFile; fileRef = 653EE1C12A12E4980023D843 /* ContentView.swift */; };
		653EE1C42A12E49B0023D843 /* Assets.xcassets in Resources */ = {isa = PBXBuildFile; fileRef = 653EE1C32A12E49B0023D843 /* Assets.xcassets */; };
		653EE1C82A12E49B0023D843 /* Preview Assets.xcassets in Resources */ = {isa = PBXBuildFile; fileRef = 653EE1C72A12E49B0023D843 /* Preview Assets.xcassets */; };
		653EE1EC2A12EB040023D843 /* UserLoader.swift in Sources */ = {isa = PBXBuildFile; fileRef = 653EE1EB2A12EB030023D843 /* UserLoader.swift */; };
		653EE1EE2A12EB170023D843 /* User.swift in Sources */ = {isa = PBXBuildFile; fileRef = 653EE1ED2A12EB170023D843 /* User.swift */; };
		653EE1F32A12EBCB0023D843 /* Helper+StatusCode.swift in Sources */ = {isa = PBXBuildFile; fileRef = 653EE1F22A12EBCB0023D843 /* Helper+StatusCode.swift */; };
		653EE1F52A12EBF10023D843 /* HttpClient.swift in Sources */ = {isa = PBXBuildFile; fileRef = 653EE1F42A12EBF10023D843 /* HttpClient.swift */; };
		653EE1F72A12EE230023D843 /* URLSessionHTTPClient.swift in Sources */ = {isa = PBXBuildFile; fileRef = 653EE1F62A12EE230023D843 /* URLSessionHTTPClient.swift */; };
/* End PBXBuildFile section */

/* Begin PBXFileReference section */
		653EE1BC2A12E4980023D843 /* GeoMobileTask.app */ = {isa = PBXFileReference; explicitFileType = wrapper.application; includeInIndex = 0; path = GeoMobileTask.app; sourceTree = BUILT_PRODUCTS_DIR; };
		653EE1BF2A12E4980023D843 /* GeoMobileTaskApp.swift */ = {isa = PBXFileReference; lastKnownFileType = sourcecode.swift; path = GeoMobileTaskApp.swift; sourceTree = "<group>"; };
		653EE1C12A12E4980023D843 /* ContentView.swift */ = {isa = PBXFileReference; lastKnownFileType = sourcecode.swift; path = ContentView.swift; sourceTree = "<group>"; };
		653EE1C32A12E49B0023D843 /* Assets.xcassets */ = {isa = PBXFileReference; lastKnownFileType = folder.assetcatalog; path = Assets.xcassets; sourceTree = "<group>"; };
		653EE1C52A12E49B0023D843 /* GeoMobileTask.entitlements */ = {isa = PBXFileReference; lastKnownFileType = text.plist.entitlements; path = GeoMobileTask.entitlements; sourceTree = "<group>"; };
		653EE1C72A12E49B0023D843 /* Preview Assets.xcassets */ = {isa = PBXFileReference; lastKnownFileType = folder.assetcatalog; path = "Preview Assets.xcassets"; sourceTree = "<group>"; };
		653EE1EB2A12EB030023D843 /* UserLoader.swift */ = {isa = PBXFileReference; lastKnownFileType = sourcecode.swift; path = UserLoader.swift; sourceTree = "<group>"; };
		653EE1ED2A12EB170023D843 /* User.swift */ = {isa = PBXFileReference; lastKnownFileType = sourcecode.swift; path = User.swift; sourceTree = "<group>"; };
		653EE1F22A12EBCB0023D843 /* Helper+StatusCode.swift */ = {isa = PBXFileReference; lastKnownFileType = sourcecode.swift; path = "Helper+StatusCode.swift"; sourceTree = "<group>"; };
		653EE1F42A12EBF10023D843 /* HttpClient.swift */ = {isa = PBXFileReference; lastKnownFileType = sourcecode.swift; path = HttpClient.swift; sourceTree = "<group>"; };
		653EE1F62A12EE230023D843 /* URLSessionHTTPClient.swift */ = {isa = PBXFileReference; lastKnownFileType = sourcecode.swift; path = URLSessionHTTPClient.swift; sourceTree = "<group>"; };
/* End PBXFileReference section */

/* Begin PBXFrameworksBuildPhase section */
		653EE1B92A12E4980023D843 /* Frameworks */ = {
			isa = PBXFrameworksBuildPhase;
			buildActionMask = 2147483647;
			files = (
			);
			runOnlyForDeploymentPostprocessing = 0;
		};
/* End PBXFrameworksBuildPhase section */

/* Begin PBXGroup section */
		653EE1B32A12E4980023D843 = {
			isa = PBXGroup;
			children = (
				653EE1BE2A12E4980023D843 /* GeoMobileTask */,
				653EE1BD2A12E4980023D843 /* Products */,
			);
			sourceTree = "<group>";
		};
		653EE1BD2A12E4980023D843 /* Products */ = {
			isa = PBXGroup;
			children = (
				653EE1BC2A12E4980023D843 /* GeoMobileTask.app */,
			);
			name = Products;
			sourceTree = "<group>";
		};
		653EE1BE2A12E4980023D843 /* GeoMobileTask */ = {
			isa = PBXGroup;
			children = (
				653EE1EF2A12EBA30023D843 /* User Api */,
				653EE1EA2A12EAF30023D843 /* User Feature */,
				653EE1BF2A12E4980023D843 /* GeoMobileTaskApp.swift */,
				653EE1C12A12E4980023D843 /* ContentView.swift */,
				653EE1C32A12E49B0023D843 /* Assets.xcassets */,
				653EE1C52A12E49B0023D843 /* GeoMobileTask.entitlements */,
				653EE1C62A12E49B0023D843 /* Preview Content */,
			);
			path = GeoMobileTask;
			sourceTree = "<group>";
		};
		653EE1C62A12E49B0023D843 /* Preview Content */ = {
			isa = PBXGroup;
			children = (
				653EE1C72A12E49B0023D843 /* Preview Assets.xcassets */,
			);
			path = "Preview Content";
			sourceTree = "<group>";
		};
		653EE1EA2A12EAF30023D843 /* User Feature */ = {
			isa = PBXGroup;
			children = (
				653EE1EB2A12EB030023D843 /* UserLoader.swift */,
				653EE1ED2A12EB170023D843 /* User.swift */,
			);
			path = "User Feature";
			sourceTree = "<group>";
		};
		653EE1EF2A12EBA30023D843 /* User Api */ = {
			isa = PBXGroup;
			children = (
				653EE1F22A12EBCB0023D843 /* Helper+StatusCode.swift */,
				653EE1F42A12EBF10023D843 /* HttpClient.swift */,
				653EE1F62A12EE230023D843 /* URLSessionHTTPClient.swift */,
			);
			path = "User Api";
			sourceTree = "<group>";
		};
/* End PBXGroup section */

/* Begin PBXNativeTarget section */
		653EE1BB2A12E4980023D843 /* GeoMobileTask */ = {
			isa = PBXNativeTarget;
			buildConfigurationList = 653EE1E12A12E49B0023D843 /* Build configuration list for PBXNativeTarget "GeoMobileTask" */;
			buildPhases = (
				653EE1B82A12E4980023D843 /* Sources */,
				653EE1B92A12E4980023D843 /* Frameworks */,
				653EE1BA2A12E4980023D843 /* Resources */,
			);
			buildRules = (
			);
			dependencies = (
			);
			name = GeoMobileTask;
			productName = GeoMobileTask;
			productReference = 653EE1BC2A12E4980023D843 /* GeoMobileTask.app */;
			productType = "com.apple.product-type.application";
		};
/* End PBXNativeTarget section */

/* Begin PBXProject section */
		653EE1B42A12E4980023D843 /* Project object */ = {
			isa = PBXProject;
			attributes = {
				BuildIndependentTargetsInParallel = 1;
				LastSwiftUpdateCheck = 1430;
				LastUpgradeCheck = 1430;
				TargetAttributes = {
					653EE1BB2A12E4980023D843 = {
						CreatedOnToolsVersion = 14.3;
					};
				};
			};
			buildConfigurationList = 653EE1B72A12E4980023D843 /* Build configuration list for PBXProject "GeoMobileTask" */;
			compatibilityVersion = "Xcode 14.0";
			developmentRegion = en;
			hasScannedForEncodings = 0;
			knownRegions = (
				en,
				Base,
			);
			mainGroup = 653EE1B32A12E4980023D843;
			productRefGroup = 653EE1BD2A12E4980023D843 /* Products */;
			projectDirPath = "";
			projectRoot = "";
			targets = (
				653EE1BB2A12E4980023D843 /* GeoMobileTask */,
			);
		};
/* End PBXProject section */

/* Begin PBXResourcesBuildPhase section */
		653EE1BA2A12E4980023D843 /* Resources */ = {
			isa = PBXResourcesBuildPhase;
			buildActionMask = 2147483647;
			files = (
				653EE1C82A12E49B0023D843 /* Preview Assets.xcassets in Resources */,
				653EE1C42A12E49B0023D843 /* Assets.xcassets in Resources */,
			);
			runOnlyForDeploymentPostprocessing = 0;
		};
/* End PBXResourcesBuildPhase section */

/* Begin PBXSourcesBuildPhase section */
		653EE1B82A12E4980023D843 /* Sources */ = {
			isa = PBXSourcesBuildPhase;
			buildActionMask = 2147483647;
			files = (
				653EE1F72A12EE230023D843 /* URLSessionHTTPClient.swift in Sources */,
				653EE1EE2A12EB170023D843 /* User.swift in Sources */,
				653EE1EC2A12EB040023D843 /* UserLoader.swift in Sources */,
				653EE1F32A12EBCB0023D843 /* Helper+StatusCode.swift in Sources */,
				653EE1C22A12E4980023D843 /* ContentView.swift in Sources */,
				653EE1F52A12EBF10023D843 /* HttpClient.swift in Sources */,
				653EE1C02A12E4980023D843 /* GeoMobileTaskApp.swift in Sources */,
			);
			runOnlyForDeploymentPostprocessing = 0;
		};
/* End PBXSourcesBuildPhase section */

/* Begin XCBuildConfiguration section */
		653EE1DF2A12E49B0023D843 /* Debug */ = {
			isa = XCBuildConfiguration;
			buildSettings = {
				ALWAYS_SEARCH_USER_PATHS = NO;
				CLANG_ANALYZER_NONNULL = YES;
				CLANG_ANALYZER_NUMBER_OBJECT_CONVERSION = YES_AGGRESSIVE;
				CLANG_CXX_LANGUAGE_STANDARD = "gnu++20";
				CLANG_ENABLE_MODULES = YES;
				CLANG_ENABLE_OBJC_ARC = YES;
				CLANG_ENABLE_OBJC_WEAK = YES;
				CLANG_WARN_BLOCK_CAPTURE_AUTORELEASING = YES;
				CLANG_WARN_BOOL_CONVERSION = YES;
				CLANG_WARN_COMMA = YES;
				CLANG_WARN_CONSTANT_CONVERSION = YES;
				CLANG_WARN_DEPRECATED_OBJC_IMPLEMENTATIONS = YES;
				CLANG_WARN_DIRECT_OBJC_ISA_USAGE = YES_ERROR;
				CLANG_WARN_DOCUMENTATION_COMMENTS = YES;
				CLANG_WARN_EMPTY_BODY = YES;
				CLANG_WARN_ENUM_CONVERSION = YES;
				CLANG_WARN_INFINITE_RECURSION = YES;
				CLANG_WARN_INT_CONVERSION = YES;
				CLANG_WARN_NON_LITERAL_NULL_CONVERSION = YES;
				CLANG_WARN_OBJC_IMPLICIT_RETAIN_SELF = YES;
				CLANG_WARN_OBJC_LITERAL_CONVERSION = YES;
				CLANG_WARN_OBJC_ROOT_CLASS = YES_ERROR;
				CLANG_WARN_QUOTED_INCLUDE_IN_FRAMEWORK_HEADER = YES;
				CLANG_WARN_RANGE_LOOP_ANALYSIS = YES;
				CLANG_WARN_STRICT_PROTOTYPES = YES;
				CLANG_WARN_SUSPICIOUS_MOVE = YES;
				CLANG_WARN_UNGUARDED_AVAILABILITY = YES_AGGRESSIVE;
				CLANG_WARN_UNREACHABLE_CODE = YES;
				CLANG_WARN__DUPLICATE_METHOD_MATCH = YES;
				COPY_PHASE_STRIP = NO;
				DEBUG_INFORMATION_FORMAT = dwarf;
				ENABLE_STRICT_OBJC_MSGSEND = YES;
				ENABLE_TESTABILITY = YES;
				GCC_C_LANGUAGE_STANDARD = gnu11;
				GCC_DYNAMIC_NO_PIC = NO;
				GCC_NO_COMMON_BLOCKS = YES;
				GCC_OPTIMIZATION_LEVEL = 0;
				GCC_PREPROCESSOR_DEFINITIONS = (
					"DEBUG=1",
					"$(inherited)",
				);
				GCC_WARN_64_TO_32_BIT_CONVERSION = YES;
				GCC_WARN_ABOUT_RETURN_TYPE = YES_ERROR;
				GCC_WARN_UNDECLARED_SELECTOR = YES;
				GCC_WARN_UNINITIALIZED_AUTOS = YES_AGGRESSIVE;
				GCC_WARN_UNUSED_FUNCTION = YES;
				GCC_WARN_UNUSED_VARIABLE = YES;
				MTL_ENABLE_DEBUG_INFO = INCLUDE_SOURCE;
				MTL_FAST_MATH = YES;
				ONLY_ACTIVE_ARCH = YES;
				SWIFT_ACTIVE_COMPILATION_CONDITIONS = DEBUG;
				SWIFT_OPTIMIZATION_LEVEL = "-Onone";
			};
			name = Debug;
		};
		653EE1E02A12E49B0023D843 /* Release */ = {
			isa = XCBuildConfiguration;
			buildSettings = {
				ALWAYS_SEARCH_USER_PATHS = NO;
				CLANG_ANALYZER_NONNULL = YES;
				CLANG_ANALYZER_NUMBER_OBJECT_CONVERSION = YES_AGGRESSIVE;
				CLANG_CXX_LANGUAGE_STANDARD = "gnu++20";
				CLANG_ENABLE_MODULES = YES;
				CLANG_ENABLE_OBJC_ARC = YES;
				CLANG_ENABLE_OBJC_WEAK = YES;
				CLANG_WARN_BLOCK_CAPTURE_AUTORELEASING = YES;
				CLANG_WARN_BOOL_CONVERSION = YES;
				CLANG_WARN_COMMA = YES;
				CLANG_WARN_CONSTANT_CONVERSION = YES;
				CLANG_WARN_DEPRECATED_OBJC_IMPLEMENTATIONS = YES;
				CLANG_WARN_DIRECT_OBJC_ISA_USAGE = YES_ERROR;
				CLANG_WARN_DOCUMENTATION_COMMENTS = YES;
				CLANG_WARN_EMPTY_BODY = YES;
				CLANG_WARN_ENUM_CONVERSION = YES;
				CLANG_WARN_INFINITE_RECURSION = YES;
				CLANG_WARN_INT_CONVERSION = YES;
				CLANG_WARN_NON_LITERAL_NULL_CONVERSION = YES;
				CLANG_WARN_OBJC_IMPLICIT_RETAIN_SELF = YES;
				CLANG_WARN_OBJC_LITERAL_CONVERSION = YES;
				CLANG_WARN_OBJC_ROOT_CLASS = YES_ERROR;
				CLANG_WARN_QUOTED_INCLUDE_IN_FRAMEWORK_HEADER = YES;
				CLANG_WARN_RANGE_LOOP_ANALYSIS = YES;
				CLANG_WARN_STRICT_PROTOTYPES = YES;
				CLANG_WARN_SUSPICIOUS_MOVE = YES;
				CLANG_WARN_UNGUARDED_AVAILABILITY = YES_AGGRESSIVE;
				CLANG_WARN_UNREACHABLE_CODE = YES;
				CLANG_WARN__DUPLICATE_METHOD_MATCH = YES;
				COPY_PHASE_STRIP = NO;
				DEBUG_INFORMATION_FORMAT = "dwarf-with-dsym";
				ENABLE_NS_ASSERTIONS = NO;
				ENABLE_STRICT_OBJC_MSGSEND = YES;
				GCC_C_LANGUAGE_STANDARD = gnu11;
				GCC_NO_COMMON_BLOCKS = YES;
				GCC_WARN_64_TO_32_BIT_CONVERSION = YES;
				GCC_WARN_ABOUT_RETURN_TYPE = YES_ERROR;
				GCC_WARN_UNDECLARED_SELECTOR = YES;
				GCC_WARN_UNINITIALIZED_AUTOS = YES_AGGRESSIVE;
				GCC_WARN_UNUSED_FUNCTION = YES;
				GCC_WARN_UNUSED_VARIABLE = YES;
				MTL_ENABLE_DEBUG_INFO = NO;
				MTL_FAST_MATH = YES;
				SWIFT_COMPILATION_MODE = wholemodule;
				SWIFT_OPTIMIZATION_LEVEL = "-O";
			};
			name = Release;
		};
		653EE1E22A12E49B0023D843 /* Debug */ = {
			isa = XCBuildConfiguration;
			buildSettings = {
				ASSETCATALOG_COMPILER_APPICON_NAME = AppIcon;
				ASSETCATALOG_COMPILER_GLOBAL_ACCENT_COLOR_NAME = AccentColor;
				CODE_SIGN_ENTITLEMENTS = GeoMobileTask/GeoMobileTask.entitlements;
				CODE_SIGN_STYLE = Automatic;
				CURRENT_PROJECT_VERSION = 1;
				DEVELOPMENT_ASSET_PATHS = "\"GeoMobileTask/Preview Content\"";
				ENABLE_PREVIEWS = YES;
				GENERATE_INFOPLIST_FILE = YES;
				"INFOPLIST_KEY_UIApplicationSceneManifest_Generation[sdk=iphoneos*]" = YES;
				"INFOPLIST_KEY_UIApplicationSceneManifest_Generation[sdk=iphonesimulator*]" = YES;
				"INFOPLIST_KEY_UIApplicationSupportsIndirectInputEvents[sdk=iphoneos*]" = YES;
				"INFOPLIST_KEY_UIApplicationSupportsIndirectInputEvents[sdk=iphonesimulator*]" = YES;
				"INFOPLIST_KEY_UILaunchScreen_Generation[sdk=iphoneos*]" = YES;
				"INFOPLIST_KEY_UILaunchScreen_Generation[sdk=iphonesimulator*]" = YES;
				"INFOPLIST_KEY_UIStatusBarStyle[sdk=iphoneos*]" = UIStatusBarStyleDefault;
				"INFOPLIST_KEY_UIStatusBarStyle[sdk=iphonesimulator*]" = UIStatusBarStyleDefault;
				INFOPLIST_KEY_UISupportedInterfaceOrientations_iPad = "UIInterfaceOrientationPortrait UIInterfaceOrientationPortraitUpsideDown UIInterfaceOrientationLandscapeLeft UIInterfaceOrientationLandscapeRight";
				INFOPLIST_KEY_UISupportedInterfaceOrientations_iPhone = "UIInterfaceOrientationPortrait UIInterfaceOrientationLandscapeLeft UIInterfaceOrientationLandscapeRight";
				IPHONEOS_DEPLOYMENT_TARGET = 16.4;
				LD_RUNPATH_SEARCH_PATHS = "@executable_path/Frameworks";
				"LD_RUNPATH_SEARCH_PATHS[sdk=macosx*]" = "@executable_path/../Frameworks";
				MACOSX_DEPLOYMENT_TARGET = 13.3;
				MARKETING_VERSION = 1.0;
				PRODUCT_BUNDLE_IDENTIFIER = abdul.GeoMobileTask;
				PRODUCT_NAME = "$(TARGET_NAME)";
				SDKROOT = auto;
				SUPPORTED_PLATFORMS = "iphoneos iphonesimulator macosx";
				SWIFT_EMIT_LOC_STRINGS = YES;
				SWIFT_VERSION = 5.0;
				TARGETED_DEVICE_FAMILY = "1,2";
			};
			name = Debug;
		};
		653EE1E32A12E49B0023D843 /* Release */ = {
			isa = XCBuildConfiguration;
			buildSettings = {
				ASSETCATALOG_COMPILER_APPICON_NAME = AppIcon;
				ASSETCATALOG_COMPILER_GLOBAL_ACCENT_COLOR_NAME = AccentColor;
				CODE_SIGN_ENTITLEMENTS = GeoMobileTask/GeoMobileTask.entitlements;
				CODE_SIGN_STYLE = Automatic;
				CURRENT_PROJECT_VERSION = 1;
				DEVELOPMENT_ASSET_PATHS = "\"GeoMobileTask/Preview Content\"";
				ENABLE_PREVIEWS = YES;
				GENERATE_INFOPLIST_FILE = YES;
				"INFOPLIST_KEY_UIApplicationSceneManifest_Generation[sdk=iphoneos*]" = YES;
				"INFOPLIST_KEY_UIApplicationSceneManifest_Generation[sdk=iphonesimulator*]" = YES;
				"INFOPLIST_KEY_UIApplicationSupportsIndirectInputEvents[sdk=iphoneos*]" = YES;
				"INFOPLIST_KEY_UIApplicationSupportsIndirectInputEvents[sdk=iphonesimulator*]" = YES;
				"INFOPLIST_KEY_UILaunchScreen_Generation[sdk=iphoneos*]" = YES;
				"INFOPLIST_KEY_UILaunchScreen_Generation[sdk=iphonesimulator*]" = YES;
				"INFOPLIST_KEY_UIStatusBarStyle[sdk=iphoneos*]" = UIStatusBarStyleDefault;
				"INFOPLIST_KEY_UIStatusBarStyle[sdk=iphonesimulator*]" = UIStatusBarStyleDefault;
				INFOPLIST_KEY_UISupportedInterfaceOrientations_iPad = "UIInterfaceOrientationPortrait UIInterfaceOrientationPortraitUpsideDown UIInterfaceOrientationLandscapeLeft UIInterfaceOrientationLandscapeRight";
				INFOPLIST_KEY_UISupportedInterfaceOrientations_iPhone = "UIInterfaceOrientationPortrait UIInterfaceOrientationLandscapeLeft UIInterfaceOrientationLandscapeRight";
				IPHONEOS_DEPLOYMENT_TARGET = 16.4;
				LD_RUNPATH_SEARCH_PATHS = "@executable_path/Frameworks";
				"LD_RUNPATH_SEARCH_PATHS[sdk=macosx*]" = "@executable_path/../Frameworks";
				MACOSX_DEPLOYMENT_TARGET = 13.3;
				MARKETING_VERSION = 1.0;
				PRODUCT_BUNDLE_IDENTIFIER = abdul.GeoMobileTask;
				PRODUCT_NAME = "$(TARGET_NAME)";
				SDKROOT = auto;
				SUPPORTED_PLATFORMS = "iphoneos iphonesimulator macosx";
				SWIFT_EMIT_LOC_STRINGS = YES;
				SWIFT_VERSION = 5.0;
				TARGETED_DEVICE_FAMILY = "1,2";
			};
			name = Release;
		};
/* End XCBuildConfiguration section */

/* Begin XCConfigurationList section */
		653EE1B72A12E4980023D843 /* Build configuration list for PBXProject "GeoMobileTask" */ = {
			isa = XCConfigurationList;
			buildConfigurations = (
				653EE1DF2A12E49B0023D843 /* Debug */,
				653EE1E02A12E49B0023D843 /* Release */,
			);
			defaultConfigurationIsVisible = 0;
			defaultConfigurationName = Release;
		};
		653EE1E12A12E49B0023D843 /* Build configuration list for PBXNativeTarget "GeoMobileTask" */ = {
			isa = XCConfigurationList;
			buildConfigurations = (
				653EE1E22A12E49B0023D843 /* Debug */,
				653EE1E32A12E49B0023D843 /* Release */,
			);
			defaultConfigurationIsVisible = 0;
			defaultConfigurationName = Release;
		};
/* End XCConfigurationList section */
	};
	rootObject = 653EE1B42A12E4980023D843 /* Project object */;
}
